hash: 2b9cca6babb58dc37a2b02cfbe29be3c7d4442f35e151192c74e609a67ee8b5b
updated: 2017-06-18T17:41:56.122443332+02:00
imports:
- name: github.com/op/go-logging
  version: 970db520ece77730c7e4724c61121037378659d9
- name: github.com/XANi/go-gitcli
  version: b063a6525a920161461ad87d6fdd5598ece6e68c
testImports: []
