hash: 299c0a2d94a286d28f5dd00c14111ae58b1da94a72403438eb847a6115081e58
updated: 2017-06-20T14:30:03.738325529+02:00
imports:
- name: github.com/op/go-logging
  version: 970db520ece77730c7e4724c61121037378659d9
- name: github.com/XANi/go-gitcli
  version: b063a6525a920161461ad87d6fdd5598ece6e68c
- name: github.com/XANI/go-yamlcfg
  version: b0cc432c2ad93ba5fe250b5afa9f8f99171fcdd2
- name: github.com/XANi/go-yamlcfg
  version: b0cc432c2ad93ba5fe250b5afa9f8f99171fcdd2
- name: gopkg.in/yaml.v1
  version: 9f9df34309c04878acc86042b16630b0f696e1de
testImports: []
